
Microsoft Visual Studio Solution File, Format Version 12.00
# Visual Studio 15
VisualStudioVersion = 15.0.28307.539
MinimumVisualStudioVersion = 10.0.40219.1
Project("{9A19103F-16F7-4668-BE54-9A1E7A4F7556}") = "RubyOS", "RubyOS\RubyOS.csproj", "{24E7E4BC-35CF-42EB-9A77-13F392939176}"
EndProject
Project("{2150E333-8FDC-42A3-9474-1A3956D46DE8}") = "Solution Items", "Solution Items", "{8DC1D44E-2111-41F1-9EBD-5891015BF770}"
	ProjectSection(SolutionItems) = preProject
		.gitignore = .gitignore
	EndProjectSection
EndProject
Global
	GlobalSection(SolutionConfigurationPlatforms) = preSolution
		Debug|Any CPU = Debug|Any CPU
		Release|Any CPU = Release|Any CPU
	EndGlobalSection
	GlobalSection(ProjectConfigurationPlatforms) = postSolution
		{24E7E4BC-35CF-42EB-9A77-13F392939176}.Debug|Any CPU.ActiveCfg = Debug|Any CPU
		{24E7E4BC-35CF-42EB-9A77-13F392939176}.Debug|Any CPU.Build.0 = Debug|Any CPU
		{24E7E4BC-35CF-42EB-9A77-13F392939176}.Release|Any CPU.ActiveCfg = Release|Any CPU
		{24E7E4BC-35CF-42EB-9A77-13F392939176}.Release|Any CPU.Build.0 = Release|Any CPU
	EndGlobalSection
	GlobalSection(SolutionProperties) = preSolution
		HideSolutionNode = FALSE
	EndGlobalSection
	GlobalSection(ExtensibilityGlobals) = postSolution
		SolutionGuid = {F08AFC9E-4E5E-4060-B6E8-AAB4325E2FB6}
	EndGlobalSection
EndGlobal
